
Microsoft Visual Studio Solution File, Format Version 12.00
# Visual Studio Version 16
VisualStudioVersion = 16.0.30804.86
MinimumVisualStudioVersion = 10.0.40219.1
Project("{FAE04EC0-301F-11D3-BF4B-00C04F79EFBC}") = "WorkingWithVisualStudio", "WorkingWithVisualStudio.csproj", "{554B754F-06F6-4526-ACD0-7B24784144B4}"
EndProject
Project("{9A19103F-16F7-4668-BE54-9A1E7A4F7556}") = "WorkingWithVisualStudio.Tests", "..\WorkingWithVisualStudio.Tests\WorkingWithVisualStudio.Tests.csproj", "{201B7B45-FD4B-419F-B1FF-7D7B407E1003}"
EndProject
Global
	GlobalSection(SolutionConfigurationPlatforms) = preSolution
		Debug|Any CPU = Debug|Any CPU
		Release|Any CPU = Release|Any CPU
	EndGlobalSection
	GlobalSection(ProjectConfigurationPlatforms) = postSolution
		{554B754F-06F6-4526-ACD0-7B24784144B4}.Debug|Any CPU.ActiveCfg = Debug|Any CPU
		{554B754F-06F6-4526-ACD0-7B24784144B4}.Debug|Any CPU.Build.0 = Debug|Any CPU
		{554B754F-06F6-4526-ACD0-7B24784144B4}.Release|Any CPU.ActiveCfg = Release|Any CPU
		{554B754F-06F6-4526-ACD0-7B24784144B4}.Release|Any CPU.Build.0 = Release|Any CPU
		{201B7B45-FD4B-419F-B1FF-7D7B407E1003}.Debug|Any CPU.ActiveCfg = Debug|Any CPU
		{201B7B45-FD4B-419F-B1FF-7D7B407E1003}.Debug|Any CPU.Build.0 = Debug|Any CPU
		{201B7B45-FD4B-419F-B1FF-7D7B407E1003}.Release|Any CPU.ActiveCfg = Release|Any CPU
		{201B7B45-FD4B-419F-B1FF-7D7B407E1003}.Release|Any CPU.Build.0 = Release|Any CPU
	EndGlobalSection
	GlobalSection(SolutionProperties) = preSolution
		HideSolutionNode = FALSE
	EndGlobalSection
	GlobalSection(ExtensibilityGlobals) = postSolution
		SolutionGuid = {3E3AEC6C-AD2C-42FC-8384-AC773D95D6A3}
	EndGlobalSection
EndGlobal
