
Microsoft Visual Studio Solution File, Format Version 12.00
# Visual Studio Version 16
VisualStudioVersion = 16.0.30804.86
MinimumVisualStudioVersion = 10.0.40219.1
Project("{FAE04EC0-301F-11D3-BF4B-00C04F79EFBC}") = "Working WithVisualStudio", "Working WithVisualStudio.csproj", "{7E2D28FC-D8AB-4DA9-BD46-16BA34902069}"
EndProject
Global
	GlobalSection(SolutionConfigurationPlatforms) = preSolution
		Debug|Any CPU = Debug|Any CPU
		Release|Any CPU = Release|Any CPU
	EndGlobalSection
	GlobalSection(ProjectConfigurationPlatforms) = postSolution
		{7E2D28FC-D8AB-4DA9-BD46-16BA34902069}.Debug|Any CPU.ActiveCfg = Debug|Any CPU
		{7E2D28FC-D8AB-4DA9-BD46-16BA34902069}.Debug|Any CPU.Build.0 = Debug|Any CPU
		{7E2D28FC-D8AB-4DA9-BD46-16BA34902069}.Release|Any CPU.ActiveCfg = Release|Any CPU
		{7E2D28FC-D8AB-4DA9-BD46-16BA34902069}.Release|Any CPU.Build.0 = Release|Any CPU
	EndGlobalSection
	GlobalSection(SolutionProperties) = preSolution
		HideSolutionNode = FALSE
	EndGlobalSection
	GlobalSection(ExtensibilityGlobals) = postSolution
		SolutionGuid = {C4360708-D5F7-4B4A-A413-1C5C21995B67}
	EndGlobalSection
EndGlobal
